
Microsoft Visual Studio Solution File, Format Version 12.00
# Visual Studio Version 16
VisualStudioVersion = 16.0.31729.503
MinimumVisualStudioVersion = 10.0.40219.1
Project("{FAE04EC0-301F-11D3-BF4B-00C04F79EFBC}") = "RUAP", "RUAP.csproj", "{6852D07A-5794-4CA6-AFCF-5C0DDB8E7773}"
EndProject
Global
	GlobalSection(SolutionConfigurationPlatforms) = preSolution
		Debug|Any CPU = Debug|Any CPU
		Release|Any CPU = Release|Any CPU
	EndGlobalSection
	GlobalSection(ProjectConfigurationPlatforms) = postSolution
		{6852D07A-5794-4CA6-AFCF-5C0DDB8E7773}.Debug|Any CPU.ActiveCfg = Debug|Any CPU
		{6852D07A-5794-4CA6-AFCF-5C0DDB8E7773}.Debug|Any CPU.Build.0 = Debug|Any CPU
		{6852D07A-5794-4CA6-AFCF-5C0DDB8E7773}.Release|Any CPU.ActiveCfg = Release|Any CPU
		{6852D07A-5794-4CA6-AFCF-5C0DDB8E7773}.Release|Any CPU.Build.0 = Release|Any CPU
	EndGlobalSection
	GlobalSection(SolutionProperties) = preSolution
		HideSolutionNode = FALSE
	EndGlobalSection
	GlobalSection(ExtensibilityGlobals) = postSolution
		SolutionGuid = {908633EF-4A14-4FAC-9828-3E9FF66C14C9}
	EndGlobalSection
EndGlobal
